{
  "name": "cascon-2017",
  "version": "1.0.0",
  "lockfileVersion": 1,
  "requires": true,
  "dependencies": {
    "@loopback/context": {
      "version": "4.0.0-alpha.14",
      "resolved": "https://registry.npmjs.org/@loopback/context/-/context-4.0.0-alpha.14.tgz",
      "integrity": "sha512-cRbP+C/N7goQ4Q2IY8DyAYxK1iMBcuAMsI/X7FGhj21MINsbXpTYWCh+hanAeZRegzI8qwYOQHxpeTigJ6dqug==",
      "requires": {
        "reflect-metadata": "0.1.10"
      }
    },
    "@loopback/core": {
      "version": "4.0.0-alpha.16",
      "resolved": "https://registry.npmjs.org/@loopback/core/-/core-4.0.0-alpha.16.tgz",
      "integrity": "sha512-qI6J0OhE2xtXW3SvP7H5K9FQPz6/dx/WVe5OHwEZfhLjY3wnrair2bf1zF9wqbZLJxRK04NnbcsawseddCeBjg==",
      "requires": {
        "@loopback/context": "4.0.0-alpha.14",
        "lodash": "4.17.4"
      }
    },
    "lodash": {
      "version": "4.17.4",
      "resolved": "https://registry.npmjs.org/lodash/-/lodash-4.17.4.tgz",
      "integrity": "sha1-eCA6TRwyiuHYbcpkYONptX9AVa4="
    },
    "reflect-metadata": {
      "version": "0.1.10",
      "resolved": "https://registry.npmjs.org/reflect-metadata/-/reflect-metadata-0.1.10.tgz",
      "integrity": "sha1-tPg3BEFqytiZiMmxVjXUfgO5NEo="
    }
  }
}
